
Microsoft Visual Studio Solution File, Format Version 12.00
Project("{FAE04EC0-301F-11D3-BF4B-00C04F79EFBC}") = "TeamsIntegration", "TeamsIntegration.csproj", "{1A04E63B-BC50-4151-9E2D-ACDA862F04B9}"
EndProject
Global
	GlobalSection(SolutionConfigurationPlatforms) = preSolution
		Debug|Any CPU = Debug|Any CPU
		Release|Any CPU = Release|Any CPU
	EndGlobalSection
	GlobalSection(ProjectConfigurationPlatforms) = postSolution
		{1A04E63B-BC50-4151-9E2D-ACDA862F04B9}.Debug|Any CPU.ActiveCfg = Debug|Any CPU
		{1A04E63B-BC50-4151-9E2D-ACDA862F04B9}.Debug|Any CPU.Build.0 = Debug|Any CPU
		{1A04E63B-BC50-4151-9E2D-ACDA862F04B9}.Release|Any CPU.ActiveCfg = Release|Any CPU
		{1A04E63B-BC50-4151-9E2D-ACDA862F04B9}.Release|Any CPU.Build.0 = Release|Any CPU
	EndGlobalSection
EndGlobal
